// !$*UTF8*$!
{
	archiveVersion = 1;
	classes = {
	};
	objectVersion = 46;
	objects = {

/* Begin PBXBuildFile section */
		4E65A9181CD98219004F86DD /* AppDelegate.swift in Sources */ = {isa = PBXBuildFile; fileRef = 4E65A9171CD98219004F86DD /* AppDelegate.swift */; };
		4E65A91A1CD98219004F86DD /* ViewController.swift in Sources */ = {isa = PBXBuildFile; fileRef = 4E65A9191CD98219004F86DD /* ViewController.swift */; };
		4E65A91D1CD98219004F86DD /* Main.storyboard in Resources */ = {isa = PBXBuildFile; fileRef = 4E65A91B1CD98219004F86DD /* Main.storyboard */; };
		4E65A91F1CD98219004F86DD /* Assets.xcassets in Resources */ = {isa = PBXBuildFile; fileRef = 4E65A91E1CD98219004F86DD /* Assets.xcassets */; };
		4E65A9221CD98219004F86DD /* LaunchScreen.storyboard in Resources */ = {isa = PBXBuildFile; fileRef = 4E65A9201CD98219004F86DD /* LaunchScreen.storyboard */; };
		4E6F920A1CDAA0AF008BBAED /* GGNAndyFilter.swift in Sources */ = {isa = PBXBuildFile; fileRef = 4E6F92091CDAA0AF008BBAED /* GGNAndyFilter.swift */; };
		4E6F920C1CDAAAB3008BBAED /* GGNDonnaFilter.swift in Sources */ = {isa = PBXBuildFile; fileRef = 4E6F920B1CDAAAB3008BBAED /* GGNDonnaFilter.swift */; };
		4EC814B31CDA80D7002EA6D9 /* GGNCharlieBWFilter.swift in Sources */ = {isa = PBXBuildFile; fileRef = 4EC814B21CDA80D7002EA6D9 /* GGNCharlieBWFilter.swift */; };
		4EC814B71CDA8453002EA6D9 /* GGNFilterType.swift in Sources */ = {isa = PBXBuildFile; fileRef = 4EC814B61CDA8453002EA6D9 /* GGNFilterType.swift */; };
		4EC814B91CDA87E6002EA6D9 /* GGNBarbaraFilter.swift in Sources */ = {isa = PBXBuildFile; fileRef = 4EC814B81CDA87E6002EA6D9 /* GGNBarbaraFilter.swift */; };
/* End PBXBuildFile section */

/* Begin PBXFileReference section */
		4E65A9141CD98219004F86DD /* GGNCIFilters.app */ = {isa = PBXFileReference; explicitFileType = wrapper.application; includeInIndex = 0; path = GGNCIFilters.app; sourceTree = BUILT_PRODUCTS_DIR; };
		4E65A9171CD98219004F86DD /* AppDelegate.swift */ = {isa = PBXFileReference; lastKnownFileType = sourcecode.swift; path = AppDelegate.swift; sourceTree = "<group>"; };
		4E65A9191CD98219004F86DD /* ViewController.swift */ = {isa = PBXFileReference; lastKnownFileType = sourcecode.swift; path = ViewController.swift; sourceTree = "<group>"; };
		4E65A91C1CD98219004F86DD /* Base */ = {isa = PBXFileReference; lastKnownFileType = file.storyboard; name = Base; path = Base.lproj/Main.storyboard; sourceTree = "<group>"; };
		4E65A91E1CD98219004F86DD /* Assets.xcassets */ = {isa = PBXFileReference; lastKnownFileType = folder.assetcatalog; path = Assets.xcassets; sourceTree = "<group>"; };
		4E65A9211CD98219004F86DD /* Base */ = {isa = PBXFileReference; lastKnownFileType = file.storyboard; name = Base; path = Base.lproj/LaunchScreen.storyboard; sourceTree = "<group>"; };
		4E65A9231CD98219004F86DD /* Info.plist */ = {isa = PBXFileReference; lastKnownFileType = text.plist.xml; path = Info.plist; sourceTree = "<group>"; };
		4E6F92091CDAA0AF008BBAED /* GGNAndyFilter.swift */ = {isa = PBXFileReference; fileEncoding = 4; lastKnownFileType = sourcecode.swift; path = GGNAndyFilter.swift; sourceTree = "<group>"; };
		4E6F920B1CDAAAB3008BBAED /* GGNDonnaFilter.swift */ = {isa = PBXFileReference; fileEncoding = 4; lastKnownFileType = sourcecode.swift; path = GGNDonnaFilter.swift; sourceTree = "<group>"; };
		4EC814B21CDA80D7002EA6D9 /* GGNCharlieBWFilter.swift */ = {isa = PBXFileReference; fileEncoding = 4; lastKnownFileType = sourcecode.swift; path = GGNCharlieBWFilter.swift; sourceTree = "<group>"; };
		4EC814B61CDA8453002EA6D9 /* GGNFilterType.swift */ = {isa = PBXFileReference; fileEncoding = 4; lastKnownFileType = sourcecode.swift; path = GGNFilterType.swift; sourceTree = "<group>"; };
		4EC814B81CDA87E6002EA6D9 /* GGNBarbaraFilter.swift */ = {isa = PBXFileReference; fileEncoding = 4; lastKnownFileType = sourcecode.swift; path = GGNBarbaraFilter.swift; sourceTree = "<group>"; };
/* End PBXFileReference section */

/* Begin PBXFrameworksBuildPhase section */
		4E65A9111CD98219004F86DD /* Frameworks */ = {
			isa = PBXFrameworksBuildPhase;
			buildActionMask = 2147483647;
			files = (
			);
			runOnlyForDeploymentPostprocessing = 0;
		};
/* End PBXFrameworksBuildPhase section */

/* Begin PBXGroup section */
		4E65A90B1CD98219004F86DD = {
			isa = PBXGroup;
			children = (
				4E65A9161CD98219004F86DD /* GGNCIFilters */,
				4E65A9151CD98219004F86DD /* Products */,
			);
			sourceTree = "<group>";
		};
		4E65A9151CD98219004F86DD /* Products */ = {
			isa = PBXGroup;
			children = (
				4E65A9141CD98219004F86DD /* GGNCIFilters.app */,
			);
			name = Products;
			sourceTree = "<group>";
		};
		4E65A9161CD98219004F86DD /* GGNCIFilters */ = {
			isa = PBXGroup;
			children = (
				4EC814B11CDA7E80002EA6D9 /* Filters */,
				4E65A9171CD98219004F86DD /* AppDelegate.swift */,
				4E65A9191CD98219004F86DD /* ViewController.swift */,
				4E65A91B1CD98219004F86DD /* Main.storyboard */,
				4E65A91E1CD98219004F86DD /* Assets.xcassets */,
				4E65A9201CD98219004F86DD /* LaunchScreen.storyboard */,
				4E65A9231CD98219004F86DD /* Info.plist */,
			);
			path = GGNCIFilters;
			sourceTree = "<group>";
		};
		4EC814B11CDA7E80002EA6D9 /* Filters */ = {
			isa = PBXGroup;
			children = (
				4EC814B61CDA8453002EA6D9 /* GGNFilterType.swift */,
				4E6F92091CDAA0AF008BBAED /* GGNAndyFilter.swift */,
				4EC814B81CDA87E6002EA6D9 /* GGNBarbaraFilter.swift */,
				4EC814B21CDA80D7002EA6D9 /* GGNCharlieBWFilter.swift */,
				4E6F920B1CDAAAB3008BBAED /* GGNDonnaFilter.swift */,
			);
			name = Filters;
			path = ..;
			sourceTree = "<group>";
		};
/* End PBXGroup section */

/* Begin PBXNativeTarget section */
		4E65A9131CD98219004F86DD /* GGNCIFilters */ = {
			isa = PBXNativeTarget;
			buildConfigurationList = 4E65A9261CD98219004F86DD /* Build configuration list for PBXNativeTarget "GGNCIFilters" */;
			buildPhases = (
				4E65A9101CD98219004F86DD /* Sources */,
				4E65A9111CD98219004F86DD /* Frameworks */,
				4E65A9121CD98219004F86DD /* Resources */,
			);
			buildRules = (
			);
			dependencies = (
			);
			name = GGNCIFilters;
			productName = GGNCIFilters;
			productReference = 4E65A9141CD98219004F86DD /* GGNCIFilters.app */;
			productType = "com.apple.product-type.application";
		};
/* End PBXNativeTarget section */

/* Begin PBXProject section */
		4E65A90C1CD98219004F86DD /* Project object */ = {
			isa = PBXProject;
			attributes = {
				LastSwiftUpdateCheck = 0730;
				LastUpgradeCheck = 0730;
				ORGANIZATIONNAME = "Garric Nahapetian";
				TargetAttributes = {
					4E65A9131CD98219004F86DD = {
						CreatedOnToolsVersion = 7.3;
						DevelopmentTeam = Y642MFHN82;
					};
				};
			};
			buildConfigurationList = 4E65A90F1CD98219004F86DD /* Build configuration list for PBXProject "GGNCIFilters" */;
			compatibilityVersion = "Xcode 3.2";
			developmentRegion = English;
			hasScannedForEncodings = 0;
			knownRegions = (
				en,
				Base,
			);
			mainGroup = 4E65A90B1CD98219004F86DD;
			productRefGroup = 4E65A9151CD98219004F86DD /* Products */;
			projectDirPath = "";
			projectRoot = "";
			targets = (
				4E65A9131CD98219004F86DD /* GGNCIFilters */,
			);
		};
/* End PBXProject section */

/* Begin PBXResourcesBuildPhase section */
		4E65A9121CD98219004F86DD /* Resources */ = {
			isa = PBXResourcesBuildPhase;
			buildActionMask = 2147483647;
			files = (
				4E65A9221CD98219004F86DD /* LaunchScreen.storyboard in Resources */,
				4E65A91F1CD98219004F86DD /* Assets.xcassets in Resources */,
				4E65A91D1CD98219004F86DD /* Main.storyboard in Resources */,
			);
			runOnlyForDeploymentPostprocessing = 0;
		};
/* End PBXResourcesBuildPhase section */

/* Begin PBXSourcesBuildPhase section */
		4E65A9101CD98219004F86DD /* Sources */ = {
			isa = PBXSourcesBuildPhase;
			buildActionMask = 2147483647;
			files = (
				4EC814B91CDA87E6002EA6D9 /* GGNBarbaraFilter.swift in Sources */,
				4E65A91A1CD98219004F86DD /* ViewController.swift in Sources */,
				4EC814B71CDA8453002EA6D9 /* GGNFilterType.swift in Sources */,
				4E65A9181CD98219004F86DD /* AppDelegate.swift in Sources */,
				4E6F920A1CDAA0AF008BBAED /* GGNAndyFilter.swift in Sources */,
				4EC814B31CDA80D7002EA6D9 /* GGNCharlieBWFilter.swift in Sources */,
				4E6F920C1CDAAAB3008BBAED /* GGNDonnaFilter.swift in Sources */,
			);
			runOnlyForDeploymentPostprocessing = 0;
		};
/* End PBXSourcesBuildPhase section */

/* Begin PBXVariantGroup section */
		4E65A91B1CD98219004F86DD /* Main.storyboard */ = {
			isa = PBXVariantGroup;
			children = (
				4E65A91C1CD98219004F86DD /* Base */,
			);
			name = Main.storyboard;
			sourceTree = "<group>";
		};
		4E65A9201CD98219004F86DD /* LaunchScreen.storyboard */ = {
			isa = PBXVariantGroup;
			children = (
				4E65A9211CD98219004F86DD /* Base */,
			);
			name = LaunchScreen.storyboard;
			sourceTree = "<group>";
		};
/* End PBXVariantGroup section */

/* Begin XCBuildConfiguration section */
		4E65A9241CD98219004F86DD /* Debug */ = {
			isa = XCBuildConfiguration;
			buildSettings = {
				ALWAYS_SEARCH_USER_PATHS = NO;
				CLANG_ANALYZER_NONNULL = YES;
				CLANG_CXX_LANGUAGE_STANDARD = "gnu++0x";
				CLANG_CXX_LIBRARY = "libc++";
				CLANG_ENABLE_MODULES = YES;
				CLANG_ENABLE_OBJC_ARC = YES;
				CLANG_WARN_BOOL_CONVERSION = YES;
				CLANG_WARN_CONSTANT_CONVERSION = YES;
				CLANG_WARN_DIRECT_OBJC_ISA_USAGE = YES_ERROR;
				CLANG_WARN_EMPTY_BODY = YES;
				CLANG_WARN_ENUM_CONVERSION = YES;
				CLANG_WARN_INT_CONVERSION = YES;
				CLANG_WARN_OBJC_ROOT_CLASS = YES_ERROR;
				CLANG_WARN_UNREACHABLE_CODE = YES;
				CLANG_WARN__DUPLICATE_METHOD_MATCH = YES;
				"CODE_SIGN_IDENTITY[sdk=iphoneos*]" = "iPhone Developer";
				COPY_PHASE_STRIP = NO;
				DEBUG_INFORMATION_FORMAT = dwarf;
				ENABLE_STRICT_OBJC_MSGSEND = YES;
				ENABLE_TESTABILITY = YES;
				GCC_C_LANGUAGE_STANDARD = gnu99;
				GCC_DYNAMIC_NO_PIC = NO;
				GCC_NO_COMMON_BLOCKS = YES;
				GCC_OPTIMIZATION_LEVEL = 0;
				GCC_PREPROCESSOR_DEFINITIONS = (
					"DEBUG=1",
					"$(inherited)",
				);
				GCC_WARN_64_TO_32_BIT_CONVERSION = YES;
				GCC_WARN_ABOUT_RETURN_TYPE = YES_ERROR;
				GCC_WARN_UNDECLARED_SELECTOR = YES;
				GCC_WARN_UNINITIALIZED_AUTOS = YES_AGGRESSIVE;
				GCC_WARN_UNUSED_FUNCTION = YES;
				GCC_WARN_UNUSED_VARIABLE = YES;
				IPHONEOS_DEPLOYMENT_TARGET = 9.3;
				MTL_ENABLE_DEBUG_INFO = YES;
				ONLY_ACTIVE_ARCH = YES;
				SDKROOT = iphoneos;
				SWIFT_OPTIMIZATION_LEVEL = "-Onone";
			};
			name = Debug;
		};
		4E65A9251CD98219004F86DD /* Release */ = {
			isa = XCBuildConfiguration;
			buildSettings = {
				ALWAYS_SEARCH_USER_PATHS = NO;
				CLANG_ANALYZER_NONNULL = YES;
				CLANG_CXX_LANGUAGE_STANDARD = "gnu++0x";
				CLANG_CXX_LIBRARY = "libc++";
				CLANG_ENABLE_MODULES = YES;
				CLANG_ENABLE_OBJC_ARC = YES;
				CLANG_WARN_BOOL_CONVERSION = YES;
				CLANG_WARN_CONSTANT_CONVERSION = YES;
				CLANG_WARN_DIRECT_OBJC_ISA_USAGE = YES_ERROR;
				CLANG_WARN_EMPTY_BODY = YES;
				CLANG_WARN_ENUM_CONVERSION = YES;
				CLANG_WARN_INT_CONVERSION = YES;
				CLANG_WARN_OBJC_ROOT_CLASS = YES_ERROR;
				CLANG_WARN_UNREACHABLE_CODE = YES;
				CLANG_WARN__DUPLICATE_METHOD_MATCH = YES;
				"CODE_SIGN_IDENTITY[sdk=iphoneos*]" = "iPhone Developer";
				COPY_PHASE_STRIP = NO;
				DEBUG_INFORMATION_FORMAT = "dwarf-with-dsym";
				ENABLE_NS_ASSERTIONS = NO;
				ENABLE_STRICT_OBJC_MSGSEND = YES;
				GCC_C_LANGUAGE_STANDARD = gnu99;
				GCC_NO_COMMON_BLOCKS = YES;
				GCC_WARN_64_TO_32_BIT_CONVERSION = YES;
				GCC_WARN_ABOUT_RETURN_TYPE = YES_ERROR;
				GCC_WARN_UNDECLARED_SELECTOR = YES;
				GCC_WARN_UNINITIALIZED_AUTOS = YES_AGGRESSIVE;
				GCC_WARN_UNUSED_FUNCTION = YES;
				GCC_WARN_UNUSED_VARIABLE = YES;
				IPHONEOS_DEPLOYMENT_TARGET = 9.3;
				MTL_ENABLE_DEBUG_INFO = NO;
				SDKROOT = iphoneos;
				VALIDATE_PRODUCT = YES;
			};
			name = Release;
		};
		4E65A9271CD98219004F86DD /* Debug */ = {
			isa = XCBuildConfiguration;
			buildSettings = {
				ASSETCATALOG_COMPILER_APPICON_NAME = AppIcon;
				CODE_SIGN_IDENTITY = "iPhone Developer";
				INFOPLIST_FILE = GGNCIFilters/Info.plist;
				LD_RUNPATH_SEARCH_PATHS = "$(inherited) @executable_path/Frameworks";
				PRODUCT_BUNDLE_IDENTIFIER = com.splore.GGNCIFilters;
				PRODUCT_NAME = "$(TARGET_NAME)";
			};
			name = Debug;
		};
		4E65A9281CD98219004F86DD /* Release */ = {
			isa = XCBuildConfiguration;
			buildSettings = {
				ASSETCATALOG_COMPILER_APPICON_NAME = AppIcon;
				CODE_SIGN_IDENTITY = "iPhone Developer";
				INFOPLIST_FILE = GGNCIFilters/Info.plist;
				LD_RUNPATH_SEARCH_PATHS = "$(inherited) @executable_path/Frameworks";
				PRODUCT_BUNDLE_IDENTIFIER = com.splore.GGNCIFilters;
				PRODUCT_NAME = "$(TARGET_NAME)";
			};
			name = Release;
		};
/* End XCBuildConfiguration section */

/* Begin XCConfigurationList section */
		4E65A90F1CD98219004F86DD /* Build configuration list for PBXProject "GGNCIFilters" */ = {
			isa = XCConfigurationList;
			buildConfigurations = (
				4E65A9241CD98219004F86DD /* Debug */,
				4E65A9251CD98219004F86DD /* Release */,
			);
			defaultConfigurationIsVisible = 0;
			defaultConfigurationName = Release;
		};
		4E65A9261CD98219004F86DD /* Build configuration list for PBXNativeTarget "GGNCIFilters" */ = {
			isa = XCConfigurationList;
			buildConfigurations = (
				4E65A9271CD98219004F86DD /* Debug */,
				4E65A9281CD98219004F86DD /* Release */,
			);
			defaultConfigurationIsVisible = 0;
			defaultConfigurationName = Release;
		};
/* End XCConfigurationList section */
	};
	rootObject = 4E65A90C1CD98219004F86DD /* Project object */;
}
