// !$*UTF8*$!
{
	archiveVersion = 1;
	classes = {
	};
	objectVersion = 46;
	objects = {

/* Begin PBXBuildFile section */
		4E6D15441CEFE6D000C383B2 /* AnimatedTransitioning.swift in Sources */ = {isa = PBXBuildFile; fileRef = 4E6D15431CEFE6D000C383B2 /* AnimatedTransitioning.swift */; };
		4E6D15461CF004CF00C383B2 /* PresentedViewControllerDelegate.swift in Sources */ = {isa = PBXBuildFile; fileRef = 4E6D15451CF004CE00C383B2 /* PresentedViewControllerDelegate.swift */; };
		4E6D15481CF0055000C383B2 /* PushedViewControllerDelegate.swift in Sources */ = {isa = PBXBuildFile; fileRef = 4E6D15471CF0055000C383B2 /* PushedViewControllerDelegate.swift */; };
		4E75CFE41CEFE0C80015B4AE /* PushedViewController.swift in Sources */ = {isa = PBXBuildFile; fileRef = 4E75CFE31CEFE0C80015B4AE /* PushedViewController.swift */; };
		4E8623431CEB9980006F5BE0 /* AppDelegate.swift in Sources */ = {isa = PBXBuildFile; fileRef = 4E8623421CEB9980006F5BE0 /* AppDelegate.swift */; };
		4E8623451CEB9980006F5BE0 /* PresentingViewController.swift in Sources */ = {isa = PBXBuildFile; fileRef = 4E8623441CEB9980006F5BE0 /* PresentingViewController.swift */; };
		4E8623481CEB9980006F5BE0 /* Main.storyboard in Resources */ = {isa = PBXBuildFile; fileRef = 4E8623461CEB9980006F5BE0 /* Main.storyboard */; };
		4E86234A1CEB9980006F5BE0 /* Assets.xcassets in Resources */ = {isa = PBXBuildFile; fileRef = 4E8623491CEB9980006F5BE0 /* Assets.xcassets */; };
		4E86234D1CEB9980006F5BE0 /* LaunchScreen.storyboard in Resources */ = {isa = PBXBuildFile; fileRef = 4E86234B1CEB9980006F5BE0 /* LaunchScreen.storyboard */; };
		4E8623551CEB9A65006F5BE0 /* PresentedViewController.swift in Sources */ = {isa = PBXBuildFile; fileRef = 4E8623541CEB9A65006F5BE0 /* PresentedViewController.swift */; };
		4E8623571CEBAB65006F5BE0 /* PresentationController.swift in Sources */ = {isa = PBXBuildFile; fileRef = 4E8623561CEBAB65006F5BE0 /* PresentationController.swift */; };
/* End PBXBuildFile section */

/* Begin PBXFileReference section */
		4E6D15431CEFE6D000C383B2 /* AnimatedTransitioning.swift */ = {isa = PBXFileReference; fileEncoding = 4; lastKnownFileType = sourcecode.swift; path = AnimatedTransitioning.swift; sourceTree = "<group>"; };
		4E6D15451CF004CE00C383B2 /* PresentedViewControllerDelegate.swift */ = {isa = PBXFileReference; fileEncoding = 4; lastKnownFileType = sourcecode.swift; path = PresentedViewControllerDelegate.swift; sourceTree = "<group>"; };
		4E6D15471CF0055000C383B2 /* PushedViewControllerDelegate.swift */ = {isa = PBXFileReference; fileEncoding = 4; lastKnownFileType = sourcecode.swift; path = PushedViewControllerDelegate.swift; sourceTree = "<group>"; };
		4E75CFE31CEFE0C80015B4AE /* PushedViewController.swift */ = {isa = PBXFileReference; fileEncoding = 4; lastKnownFileType = sourcecode.swift; path = PushedViewController.swift; sourceTree = "<group>"; };
		4E86233F1CEB997F006F5BE0 /* CustomPresentationAndAnimation.app */ = {isa = PBXFileReference; explicitFileType = wrapper.application; includeInIndex = 0; path = CustomPresentationAndAnimation.app; sourceTree = BUILT_PRODUCTS_DIR; };
		4E8623421CEB9980006F5BE0 /* AppDelegate.swift */ = {isa = PBXFileReference; lastKnownFileType = sourcecode.swift; path = AppDelegate.swift; sourceTree = "<group>"; };
		4E8623441CEB9980006F5BE0 /* PresentingViewController.swift */ = {isa = PBXFileReference; lastKnownFileType = sourcecode.swift; path = PresentingViewController.swift; sourceTree = "<group>"; };
		4E8623471CEB9980006F5BE0 /* Base */ = {isa = PBXFileReference; lastKnownFileType = file.storyboard; name = Base; path = Base.lproj/Main.storyboard; sourceTree = "<group>"; };
		4E8623491CEB9980006F5BE0 /* Assets.xcassets */ = {isa = PBXFileReference; lastKnownFileType = folder.assetcatalog; path = Assets.xcassets; sourceTree = "<group>"; };
		4E86234C1CEB9980006F5BE0 /* Base */ = {isa = PBXFileReference; lastKnownFileType = file.storyboard; name = Base; path = Base.lproj/LaunchScreen.storyboard; sourceTree = "<group>"; };
		4E86234E1CEB9980006F5BE0 /* Info.plist */ = {isa = PBXFileReference; lastKnownFileType = text.plist.xml; path = Info.plist; sourceTree = "<group>"; };
		4E8623541CEB9A65006F5BE0 /* PresentedViewController.swift */ = {isa = PBXFileReference; fileEncoding = 4; lastKnownFileType = sourcecode.swift; path = PresentedViewController.swift; sourceTree = "<group>"; };
		4E8623561CEBAB65006F5BE0 /* PresentationController.swift */ = {isa = PBXFileReference; fileEncoding = 4; lastKnownFileType = sourcecode.swift; path = PresentationController.swift; sourceTree = "<group>"; };
/* End PBXFileReference section */

/* Begin PBXFrameworksBuildPhase section */
		4E86233C1CEB997F006F5BE0 /* Frameworks */ = {
			isa = PBXFrameworksBuildPhase;
			buildActionMask = 2147483647;
			files = (
			);
			runOnlyForDeploymentPostprocessing = 0;
		};
/* End PBXFrameworksBuildPhase section */

/* Begin PBXGroup section */
		4E8623361CEB997F006F5BE0 = {
			isa = PBXGroup;
			children = (
				4E8623411CEB9980006F5BE0 /* CustomPresentationAndAnimation */,
				4E8623401CEB997F006F5BE0 /* Products */,
			);
			sourceTree = "<group>";
		};
		4E8623401CEB997F006F5BE0 /* Products */ = {
			isa = PBXGroup;
			children = (
				4E86233F1CEB997F006F5BE0 /* CustomPresentationAndAnimation.app */,
			);
			name = Products;
			sourceTree = "<group>";
		};
		4E8623411CEB9980006F5BE0 /* CustomPresentationAndAnimation */ = {
			isa = PBXGroup;
			children = (
				4E6D15431CEFE6D000C383B2 /* AnimatedTransitioning.swift */,
				4E8623561CEBAB65006F5BE0 /* PresentationController.swift */,
				4E8623541CEB9A65006F5BE0 /* PresentedViewController.swift */,
				4E6D15451CF004CE00C383B2 /* PresentedViewControllerDelegate.swift */,
				4E8623441CEB9980006F5BE0 /* PresentingViewController.swift */,
				4E75CFE31CEFE0C80015B4AE /* PushedViewController.swift */,
				4E6D15471CF0055000C383B2 /* PushedViewControllerDelegate.swift */,
				4E8623461CEB9980006F5BE0 /* Main.storyboard */,
				4E8623581CEBAB98006F5BE0 /* Supporting Files */,
			);
			path = CustomPresentationAndAnimation;
			sourceTree = "<group>";
		};
		4E8623581CEBAB98006F5BE0 /* Supporting Files */ = {
			isa = PBXGroup;
			children = (
				4E86234E1CEB9980006F5BE0 /* Info.plist */,
				4E8623421CEB9980006F5BE0 /* AppDelegate.swift */,
				4E8623491CEB9980006F5BE0 /* Assets.xcassets */,
				4E86234B1CEB9980006F5BE0 /* LaunchScreen.storyboard */,
			);
			name = "Supporting Files";
			sourceTree = "<group>";
		};
/* End PBXGroup section */

/* Begin PBXNativeTarget section */
		4E86233E1CEB997F006F5BE0 /* CustomPresentationAndAnimation */ = {
			isa = PBXNativeTarget;
			buildConfigurationList = 4E8623511CEB9980006F5BE0 /* Build configuration list for PBXNativeTarget "CustomPresentationAndAnimation" */;
			buildPhases = (
				4E86233B1CEB997F006F5BE0 /* Sources */,
				4E86233C1CEB997F006F5BE0 /* Frameworks */,
				4E86233D1CEB997F006F5BE0 /* Resources */,
			);
			buildRules = (
			);
			dependencies = (
			);
			name = CustomPresentationAndAnimation;
			productName = CustomPresentationAndAnimation;
			productReference = 4E86233F1CEB997F006F5BE0 /* CustomPresentationAndAnimation.app */;
			productType = "com.apple.product-type.application";
		};
/* End PBXNativeTarget section */

/* Begin PBXProject section */
		4E8623371CEB997F006F5BE0 /* Project object */ = {
			isa = PBXProject;
			attributes = {
				LastSwiftUpdateCheck = 0730;
				LastUpgradeCheck = 0730;
				ORGANIZATIONNAME = "Garric Nahapetian";
				TargetAttributes = {
					4E86233E1CEB997F006F5BE0 = {
						CreatedOnToolsVersion = 7.3.1;
					};
				};
			};
			buildConfigurationList = 4E86233A1CEB997F006F5BE0 /* Build configuration list for PBXProject "CustomPresentationAndAnimation" */;
			compatibilityVersion = "Xcode 3.2";
			developmentRegion = English;
			hasScannedForEncodings = 0;
			knownRegions = (
				en,
				Base,
			);
			mainGroup = 4E8623361CEB997F006F5BE0;
			productRefGroup = 4E8623401CEB997F006F5BE0 /* Products */;
			projectDirPath = "";
			projectRoot = "";
			targets = (
				4E86233E1CEB997F006F5BE0 /* CustomPresentationAndAnimation */,
			);
		};
/* End PBXProject section */

/* Begin PBXResourcesBuildPhase section */
		4E86233D1CEB997F006F5BE0 /* Resources */ = {
			isa = PBXResourcesBuildPhase;
			buildActionMask = 2147483647;
			files = (
				4E86234D1CEB9980006F5BE0 /* LaunchScreen.storyboard in Resources */,
				4E86234A1CEB9980006F5BE0 /* Assets.xcassets in Resources */,
				4E8623481CEB9980006F5BE0 /* Main.storyboard in Resources */,
			);
			runOnlyForDeploymentPostprocessing = 0;
		};
/* End PBXResourcesBuildPhase section */

/* Begin PBXSourcesBuildPhase section */
		4E86233B1CEB997F006F5BE0 /* Sources */ = {
			isa = PBXSourcesBuildPhase;
			buildActionMask = 2147483647;
			files = (
				4E6D15481CF0055000C383B2 /* PushedViewControllerDelegate.swift in Sources */,
				4E8623451CEB9980006F5BE0 /* PresentingViewController.swift in Sources */,
				4E8623431CEB9980006F5BE0 /* AppDelegate.swift in Sources */,
				4E6D15441CEFE6D000C383B2 /* AnimatedTransitioning.swift in Sources */,
				4E8623551CEB9A65006F5BE0 /* PresentedViewController.swift in Sources */,
				4E6D15461CF004CF00C383B2 /* PresentedViewControllerDelegate.swift in Sources */,
				4E75CFE41CEFE0C80015B4AE /* PushedViewController.swift in Sources */,
				4E8623571CEBAB65006F5BE0 /* PresentationController.swift in Sources */,
			);
			runOnlyForDeploymentPostprocessing = 0;
		};
/* End PBXSourcesBuildPhase section */

/* Begin PBXVariantGroup section */
		4E8623461CEB9980006F5BE0 /* Main.storyboard */ = {
			isa = PBXVariantGroup;
			children = (
				4E8623471CEB9980006F5BE0 /* Base */,
			);
			name = Main.storyboard;
			sourceTree = "<group>";
		};
		4E86234B1CEB9980006F5BE0 /* LaunchScreen.storyboard */ = {
			isa = PBXVariantGroup;
			children = (
				4E86234C1CEB9980006F5BE0 /* Base */,
			);
			name = LaunchScreen.storyboard;
			sourceTree = "<group>";
		};
/* End PBXVariantGroup section */

/* Begin XCBuildConfiguration section */
		4E86234F1CEB9980006F5BE0 /* Debug */ = {
			isa = XCBuildConfiguration;
			buildSettings = {
				ALWAYS_SEARCH_USER_PATHS = NO;
				CLANG_ANALYZER_NONNULL = YES;
				CLANG_CXX_LANGUAGE_STANDARD = "gnu++0x";
				CLANG_CXX_LIBRARY = "libc++";
				CLANG_ENABLE_MODULES = YES;
				CLANG_ENABLE_OBJC_ARC = YES;
				CLANG_WARN_BOOL_CONVERSION = YES;
				CLANG_WARN_CONSTANT_CONVERSION = YES;
				CLANG_WARN_DIRECT_OBJC_ISA_USAGE = YES_ERROR;
				CLANG_WARN_EMPTY_BODY = YES;
				CLANG_WARN_ENUM_CONVERSION = YES;
				CLANG_WARN_INT_CONVERSION = YES;
				CLANG_WARN_OBJC_ROOT_CLASS = YES_ERROR;
				CLANG_WARN_UNREACHABLE_CODE = YES;
				CLANG_WARN__DUPLICATE_METHOD_MATCH = YES;
				"CODE_SIGN_IDENTITY[sdk=iphoneos*]" = "iPhone Developer";
				COPY_PHASE_STRIP = NO;
				DEBUG_INFORMATION_FORMAT = dwarf;
				ENABLE_STRICT_OBJC_MSGSEND = YES;
				ENABLE_TESTABILITY = YES;
				GCC_C_LANGUAGE_STANDARD = gnu99;
				GCC_DYNAMIC_NO_PIC = NO;
				GCC_NO_COMMON_BLOCKS = YES;
				GCC_OPTIMIZATION_LEVEL = 0;
				GCC_PREPROCESSOR_DEFINITIONS = (
					"DEBUG=1",
					"$(inherited)",
				);
				GCC_WARN_64_TO_32_BIT_CONVERSION = YES;
				GCC_WARN_ABOUT_RETURN_TYPE = YES_ERROR;
				GCC_WARN_UNDECLARED_SELECTOR = YES;
				GCC_WARN_UNINITIALIZED_AUTOS = YES_AGGRESSIVE;
				GCC_WARN_UNUSED_FUNCTION = YES;
				GCC_WARN_UNUSED_VARIABLE = YES;
				IPHONEOS_DEPLOYMENT_TARGET = 9.3;
				MTL_ENABLE_DEBUG_INFO = YES;
				ONLY_ACTIVE_ARCH = YES;
				SDKROOT = iphoneos;
				SWIFT_OPTIMIZATION_LEVEL = "-Onone";
				TARGETED_DEVICE_FAMILY = "1,2";
			};
			name = Debug;
		};
		4E8623501CEB9980006F5BE0 /* Release */ = {
			isa = XCBuildConfiguration;
			buildSettings = {
				ALWAYS_SEARCH_USER_PATHS = NO;
				CLANG_ANALYZER_NONNULL = YES;
				CLANG_CXX_LANGUAGE_STANDARD = "gnu++0x";
				CLANG_CXX_LIBRARY = "libc++";
				CLANG_ENABLE_MODULES = YES;
				CLANG_ENABLE_OBJC_ARC = YES;
				CLANG_WARN_BOOL_CONVERSION = YES;
				CLANG_WARN_CONSTANT_CONVERSION = YES;
				CLANG_WARN_DIRECT_OBJC_ISA_USAGE = YES_ERROR;
				CLANG_WARN_EMPTY_BODY = YES;
				CLANG_WARN_ENUM_CONVERSION = YES;
				CLANG_WARN_INT_CONVERSION = YES;
				CLANG_WARN_OBJC_ROOT_CLASS = YES_ERROR;
				CLANG_WARN_UNREACHABLE_CODE = YES;
				CLANG_WARN__DUPLICATE_METHOD_MATCH = YES;
				"CODE_SIGN_IDENTITY[sdk=iphoneos*]" = "iPhone Developer";
				COPY_PHASE_STRIP = NO;
				DEBUG_INFORMATION_FORMAT = "dwarf-with-dsym";
				ENABLE_NS_ASSERTIONS = NO;
				ENABLE_STRICT_OBJC_MSGSEND = YES;
				GCC_C_LANGUAGE_STANDARD = gnu99;
				GCC_NO_COMMON_BLOCKS = YES;
				GCC_WARN_64_TO_32_BIT_CONVERSION = YES;
				GCC_WARN_ABOUT_RETURN_TYPE = YES_ERROR;
				GCC_WARN_UNDECLARED_SELECTOR = YES;
				GCC_WARN_UNINITIALIZED_AUTOS = YES_AGGRESSIVE;
				GCC_WARN_UNUSED_FUNCTION = YES;
				GCC_WARN_UNUSED_VARIABLE = YES;
				IPHONEOS_DEPLOYMENT_TARGET = 9.3;
				MTL_ENABLE_DEBUG_INFO = NO;
				SDKROOT = iphoneos;
				TARGETED_DEVICE_FAMILY = "1,2";
				VALIDATE_PRODUCT = YES;
			};
			name = Release;
		};
		4E8623521CEB9980006F5BE0 /* Debug */ = {
			isa = XCBuildConfiguration;
			buildSettings = {
				ASSETCATALOG_COMPILER_APPICON_NAME = AppIcon;
				INFOPLIST_FILE = CustomPresentationAndAnimation/Info.plist;
				LD_RUNPATH_SEARCH_PATHS = "$(inherited) @executable_path/Frameworks";
				PRODUCT_BUNDLE_IDENTIFIER = com.ggn.CustomPresentationAndAnimation;
				PRODUCT_NAME = "$(TARGET_NAME)";
			};
			name = Debug;
		};
		4E8623531CEB9980006F5BE0 /* Release */ = {
			isa = XCBuildConfiguration;
			buildSettings = {
				ASSETCATALOG_COMPILER_APPICON_NAME = AppIcon;
				INFOPLIST_FILE = CustomPresentationAndAnimation/Info.plist;
				LD_RUNPATH_SEARCH_PATHS = "$(inherited) @executable_path/Frameworks";
				PRODUCT_BUNDLE_IDENTIFIER = com.ggn.CustomPresentationAndAnimation;
				PRODUCT_NAME = "$(TARGET_NAME)";
			};
			name = Release;
		};
/* End XCBuildConfiguration section */

/* Begin XCConfigurationList section */
		4E86233A1CEB997F006F5BE0 /* Build configuration list for PBXProject "CustomPresentationAndAnimation" */ = {
			isa = XCConfigurationList;
			buildConfigurations = (
				4E86234F1CEB9980006F5BE0 /* Debug */,
				4E8623501CEB9980006F5BE0 /* Release */,
			);
			defaultConfigurationIsVisible = 0;
			defaultConfigurationName = Release;
		};
		4E8623511CEB9980006F5BE0 /* Build configuration list for PBXNativeTarget "CustomPresentationAndAnimation" */ = {
			isa = XCConfigurationList;
			buildConfigurations = (
				4E8623521CEB9980006F5BE0 /* Debug */,
				4E8623531CEB9980006F5BE0 /* Release */,
			);
			defaultConfigurationIsVisible = 0;
			defaultConfigurationName = Release;
		};
/* End XCConfigurationList section */
	};
	rootObject = 4E8623371CEB997F006F5BE0 /* Project object */;
}
