// !$*UTF8*$!
{
	archiveVersion = 1;
	classes = {
	};
	objectVersion = 46;
	objects = {

/* Begin PBXFileReference section */
		4EE5E94F1C4989FA00E250F2 /* Reachability.h */ = {isa = PBXFileReference; lastKnownFileType = sourcecode.c.h; path = Reachability.h; sourceTree = "<group>"; };
		4EE5E9501C4989FA00E250F2 /* ReachabilityManager.swift */ = {isa = PBXFileReference; lastKnownFileType = sourcecode.swift; path = ReachabilityManager.swift; sourceTree = "<group>"; };
		4EE5E9511C4989FA00E250F2 /* Reachability-Bridging-Header.h */ = {isa = PBXFileReference; lastKnownFileType = sourcecode.c.h; path = "Reachability-Bridging-Header.h"; sourceTree = "<group>"; };
		4EE5E9521C4989FA00E250F2 /* Reachability.m */ = {isa = PBXFileReference; lastKnownFileType = sourcecode.c.objc; path = Reachability.m; sourceTree = "<group>"; };
/* End PBXFileReference section */

/* Begin PBXGroup section */
		4EE5E9481C4989CD00E250F2 = {
			isa = PBXGroup;
			children = (
				4EE5E94F1C4989FA00E250F2 /* Reachability.h */,
				4EE5E9501C4989FA00E250F2 /* ReachabilityManager.swift */,
				4EE5E9511C4989FA00E250F2 /* Reachability-Bridging-Header.h */,
				4EE5E9521C4989FA00E250F2 /* Reachability.m */,
			);
			sourceTree = "<group>";
		};
/* End PBXGroup section */

/* Begin PBXProject section */
		4EE5E9491C4989CD00E250F2 /* Project object */ = {
			isa = PBXProject;
			attributes = {
				LastUpgradeCheck = 0720;
			};
			buildConfigurationList = 4EE5E94C1C4989CD00E250F2 /* Build configuration list for PBXProject "GGNReachability" */;
			compatibilityVersion = "Xcode 3.2";
			developmentRegion = English;
			hasScannedForEncodings = 0;
			knownRegions = (
				en,
			);
			mainGroup = 4EE5E9481C4989CD00E250F2;
			projectDirPath = "";
			projectRoot = "";
			targets = (
			);
		};
/* End PBXProject section */

/* Begin XCBuildConfiguration section */
		4EE5E94D1C4989CD00E250F2 /* Debug */ = {
			isa = XCBuildConfiguration;
			buildSettings = {
			};
			name = Debug;
		};
		4EE5E94E1C4989CD00E250F2 /* Release */ = {
			isa = XCBuildConfiguration;
			buildSettings = {
			};
			name = Release;
		};
/* End XCBuildConfiguration section */

/* Begin XCConfigurationList section */
		4EE5E94C1C4989CD00E250F2 /* Build configuration list for PBXProject "GGNReachability" */ = {
			isa = XCConfigurationList;
			buildConfigurations = (
				4EE5E94D1C4989CD00E250F2 /* Debug */,
				4EE5E94E1C4989CD00E250F2 /* Release */,
			);
			defaultConfigurationIsVisible = 0;
			defaultConfigurationName = Release;
		};
/* End XCConfigurationList section */
	};
	rootObject = 4EE5E9491C4989CD00E250F2 /* Project object */;
}
